
Microsoft Visual Studio Solution File, Format Version 12.00
Project("{FAE04EC0-301F-11D3-BF4B-00C04F79EFBC}") = "InveonMiniCourseAPI.Domain", "src\InveonMiniCourseAPI.Domain\InveonMiniCourseAPI.Domain.csproj", "{D3728584-BFE3-4FA7-BAA6-5F37A95C2FE3}"
EndProject
Project("{FAE04EC0-301F-11D3-BF4B-00C04F79EFBC}") = "InveonMiniCourseAPI.Application", "src\InveonMiniCourseAPI.Application\InveonMiniCourseAPI.Application.csproj", "{E223AC81-D622-4918-8A80-408F461E44B3}"
EndProject
Project("{FAE04EC0-301F-11D3-BF4B-00C04F79EFBC}") = "InveonMiniCourseAPI.Infrastructure", "src\InveonMiniCourseAPI.Infrastructure\InveonMiniCourseAPI.Infrastructure.csproj", "{33A07896-07C4-4298-B929-E74509C63C25}"
EndProject
Project("{FAE04EC0-301F-11D3-BF4B-00C04F79EFBC}") = "InveonMiniCourseAPI.Presentation", "src\InveonMiniCourseAPI.Presentation\InveonMiniCourseAPI.Presentation.csproj", "{D68CC71C-F8BE-4821-91AF-8F56DE7124AD}"
EndProject
Project("{2150E333-8FDC-42A3-9474-1A3956D46DE8}") = "src", "src", "{E6FEF8E1-9BC1-4C09-9701-4395AACB5054}"
EndProject
Project("{FAE04EC0-301F-11D3-BF4B-00C04F79EFBC}") = "InveonMiniCourseAPI.Test", "test\InveonMiniCourseAPI.Test\InveonMiniCourseAPI.Test.csproj", "{1041678B-7DE4-4610-9B62-0CA0FE16FA4D}"
EndProject
Project("{FAE04EC0-301F-11D3-BF4B-00C04F79EFBC}") = "InveonMiniCourseAPI.Persistence", "src\InveonMiniCourseAPI.Persistence\InveonMiniCourseAPI.Persistence.csproj", "{BE39C5F3-4A9C-4F29-B8A5-90CF72610651}"
EndProject
Global
	GlobalSection(SolutionConfigurationPlatforms) = preSolution
		Debug|Any CPU = Debug|Any CPU
		Release|Any CPU = Release|Any CPU
	EndGlobalSection
	GlobalSection(ProjectConfigurationPlatforms) = postSolution
		{D3728584-BFE3-4FA7-BAA6-5F37A95C2FE3}.Debug|Any CPU.ActiveCfg = Debug|Any CPU
		{D3728584-BFE3-4FA7-BAA6-5F37A95C2FE3}.Debug|Any CPU.Build.0 = Debug|Any CPU
		{D3728584-BFE3-4FA7-BAA6-5F37A95C2FE3}.Release|Any CPU.ActiveCfg = Release|Any CPU
		{D3728584-BFE3-4FA7-BAA6-5F37A95C2FE3}.Release|Any CPU.Build.0 = Release|Any CPU
		{E223AC81-D622-4918-8A80-408F461E44B3}.Debug|Any CPU.ActiveCfg = Debug|Any CPU
		{E223AC81-D622-4918-8A80-408F461E44B3}.Debug|Any CPU.Build.0 = Debug|Any CPU
		{E223AC81-D622-4918-8A80-408F461E44B3}.Release|Any CPU.ActiveCfg = Release|Any CPU
		{E223AC81-D622-4918-8A80-408F461E44B3}.Release|Any CPU.Build.0 = Release|Any CPU
		{33A07896-07C4-4298-B929-E74509C63C25}.Debug|Any CPU.ActiveCfg = Debug|Any CPU
		{33A07896-07C4-4298-B929-E74509C63C25}.Debug|Any CPU.Build.0 = Debug|Any CPU
		{33A07896-07C4-4298-B929-E74509C63C25}.Release|Any CPU.ActiveCfg = Release|Any CPU
		{33A07896-07C4-4298-B929-E74509C63C25}.Release|Any CPU.Build.0 = Release|Any CPU
		{D68CC71C-F8BE-4821-91AF-8F56DE7124AD}.Debug|Any CPU.ActiveCfg = Debug|Any CPU
		{D68CC71C-F8BE-4821-91AF-8F56DE7124AD}.Debug|Any CPU.Build.0 = Debug|Any CPU
		{D68CC71C-F8BE-4821-91AF-8F56DE7124AD}.Release|Any CPU.ActiveCfg = Release|Any CPU
		{D68CC71C-F8BE-4821-91AF-8F56DE7124AD}.Release|Any CPU.Build.0 = Release|Any CPU
		{1041678B-7DE4-4610-9B62-0CA0FE16FA4D}.Debug|Any CPU.ActiveCfg = Debug|Any CPU
		{1041678B-7DE4-4610-9B62-0CA0FE16FA4D}.Debug|Any CPU.Build.0 = Debug|Any CPU
		{1041678B-7DE4-4610-9B62-0CA0FE16FA4D}.Release|Any CPU.ActiveCfg = Release|Any CPU
		{1041678B-7DE4-4610-9B62-0CA0FE16FA4D}.Release|Any CPU.Build.0 = Release|Any CPU
		{BE39C5F3-4A9C-4F29-B8A5-90CF72610651}.Debug|Any CPU.ActiveCfg = Debug|Any CPU
		{BE39C5F3-4A9C-4F29-B8A5-90CF72610651}.Debug|Any CPU.Build.0 = Debug|Any CPU
		{BE39C5F3-4A9C-4F29-B8A5-90CF72610651}.Release|Any CPU.ActiveCfg = Release|Any CPU
		{BE39C5F3-4A9C-4F29-B8A5-90CF72610651}.Release|Any CPU.Build.0 = Release|Any CPU
	EndGlobalSection
	GlobalSection(NestedProjects) = preSolution
		{E223AC81-D622-4918-8A80-408F461E44B3} = {E6FEF8E1-9BC1-4C09-9701-4395AACB5054}
		{D3728584-BFE3-4FA7-BAA6-5F37A95C2FE3} = {E6FEF8E1-9BC1-4C09-9701-4395AACB5054}
		{33A07896-07C4-4298-B929-E74509C63C25} = {E6FEF8E1-9BC1-4C09-9701-4395AACB5054}
		{D68CC71C-F8BE-4821-91AF-8F56DE7124AD} = {E6FEF8E1-9BC1-4C09-9701-4395AACB5054}
		{1041678B-7DE4-4610-9B62-0CA0FE16FA4D} = {E6FEF8E1-9BC1-4C09-9701-4395AACB5054}
		{BE39C5F3-4A9C-4F29-B8A5-90CF72610651} = {E6FEF8E1-9BC1-4C09-9701-4395AACB5054}
	EndGlobalSection
EndGlobal
